// !$*UTF8*$!
{
	archiveVersion = 1;
	classes = {
	};
	objectVersion = 50;
	objects = {

/* Begin PBXBuildFile section */
		2D433D0421D071EC00247CF7 /* SortVC.swift in Sources */ = {isa = PBXBuildFile; fileRef = 2D433D0221D071EC00247CF7 /* SortVC.swift */; };
		2D433D0521D071EC00247CF7 /* GroupingSortVC.swift in Sources */ = {isa = PBXBuildFile; fileRef = 2D433D0321D071EC00247CF7 /* GroupingSortVC.swift */; };
		2D433D0821D0831C00247CF7 /* Person.swift in Sources */ = {isa = PBXBuildFile; fileRef = 2D433D0721D0831C00247CF7 /* Person.swift */; };
		2DBEFE6E2186E409003DDEC1 /* AppDelegate.swift in Sources */ = {isa = PBXBuildFile; fileRef = 2DBEFE6D2186E409003DDEC1 /* AppDelegate.swift */; };
		2DBEFE702186E409003DDEC1 /* ViewController.swift in Sources */ = {isa = PBXBuildFile; fileRef = 2DBEFE6F2186E409003DDEC1 /* ViewController.swift */; };
		2DBEFE732186E409003DDEC1 /* Main.storyboard in Resources */ = {isa = PBXBuildFile; fileRef = 2DBEFE712186E409003DDEC1 /* Main.storyboard */; };
		2DBEFE752186E40D003DDEC1 /* Assets.xcassets in Resources */ = {isa = PBXBuildFile; fileRef = 2DBEFE742186E40D003DDEC1 /* Assets.xcassets */; };
		2DBEFE782186E40D003DDEC1 /* LaunchScreen.storyboard in Resources */ = {isa = PBXBuildFile; fileRef = 2DBEFE762186E40D003DDEC1 /* LaunchScreen.storyboard */; };
		2DBEFE812186EAF8003DDEC1 /* BMChineseSort.swift in Sources */ = {isa = PBXBuildFile; fileRef = 2DBEFE802186EAF8003DDEC1 /* BMChineseSort.swift */; };
/* End PBXBuildFile section */

/* Begin PBXFileReference section */
		2D433D0221D071EC00247CF7 /* SortVC.swift */ = {isa = PBXFileReference; fileEncoding = 4; lastKnownFileType = sourcecode.swift; path = SortVC.swift; sourceTree = "<group>"; };
		2D433D0321D071EC00247CF7 /* GroupingSortVC.swift */ = {isa = PBXFileReference; fileEncoding = 4; lastKnownFileType = sourcecode.swift; path = GroupingSortVC.swift; sourceTree = "<group>"; };
		2D433D0721D0831C00247CF7 /* Person.swift */ = {isa = PBXFileReference; fileEncoding = 4; lastKnownFileType = sourcecode.swift; path = Person.swift; sourceTree = "<group>"; };
		2DBEFE6A2186E409003DDEC1 /* BMChineseSortingSwift.app */ = {isa = PBXFileReference; explicitFileType = wrapper.application; includeInIndex = 0; path = BMChineseSortingSwift.app; sourceTree = BUILT_PRODUCTS_DIR; };
		2DBEFE6D2186E409003DDEC1 /* AppDelegate.swift */ = {isa = PBXFileReference; lastKnownFileType = sourcecode.swift; path = AppDelegate.swift; sourceTree = "<group>"; };
		2DBEFE6F2186E409003DDEC1 /* ViewController.swift */ = {isa = PBXFileReference; lastKnownFileType = sourcecode.swift; path = ViewController.swift; sourceTree = "<group>"; };
		2DBEFE722186E409003DDEC1 /* Base */ = {isa = PBXFileReference; lastKnownFileType = file.storyboard; name = Base; path = Base.lproj/Main.storyboard; sourceTree = "<group>"; };
		2DBEFE742186E40D003DDEC1 /* Assets.xcassets */ = {isa = PBXFileReference; lastKnownFileType = folder.assetcatalog; path = Assets.xcassets; sourceTree = "<group>"; };
		2DBEFE772186E40D003DDEC1 /* Base */ = {isa = PBXFileReference; lastKnownFileType = file.storyboard; name = Base; path = Base.lproj/LaunchScreen.storyboard; sourceTree = "<group>"; };
		2DBEFE792186E40D003DDEC1 /* Info.plist */ = {isa = PBXFileReference; lastKnownFileType = text.plist.xml; path = Info.plist; sourceTree = "<group>"; };
		2DBEFE802186EAF8003DDEC1 /* BMChineseSort.swift */ = {isa = PBXFileReference; lastKnownFileType = sourcecode.swift; path = BMChineseSort.swift; sourceTree = "<group>"; };
/* End PBXFileReference section */

/* Begin PBXFrameworksBuildPhase section */
		2DBEFE672186E409003DDEC1 /* Frameworks */ = {
			isa = PBXFrameworksBuildPhase;
			buildActionMask = 2147483647;
			files = (
			);
			runOnlyForDeploymentPostprocessing = 0;
		};
/* End PBXFrameworksBuildPhase section */

/* Begin PBXGroup section */
		2D433D0021D071C900247CF7 /* suportFiles */ = {
			isa = PBXGroup;
			children = (
				2DBEFE6D2186E409003DDEC1 /* AppDelegate.swift */,
				2DBEFE6F2186E409003DDEC1 /* ViewController.swift */,
				2DBEFE712186E409003DDEC1 /* Main.storyboard */,
				2DBEFE742186E40D003DDEC1 /* Assets.xcassets */,
				2DBEFE762186E40D003DDEC1 /* LaunchScreen.storyboard */,
				2DBEFE792186E40D003DDEC1 /* Info.plist */,
			);
			path = suportFiles;
			sourceTree = "<group>";
		};
		2D433D0121D071EC00247CF7 /* ViewController */ = {
			isa = PBXGroup;
			children = (
				2D433D0221D071EC00247CF7 /* SortVC.swift */,
				2D433D0321D071EC00247CF7 /* GroupingSortVC.swift */,
			);
			path = ViewController;
			sourceTree = "<group>";
		};
		2D433D0621D0831C00247CF7 /* Model */ = {
			isa = PBXGroup;
			children = (
				2D433D0721D0831C00247CF7 /* Person.swift */,
			);
			path = Model;
			sourceTree = "<group>";
		};
		2DBEFE612186E409003DDEC1 = {
			isa = PBXGroup;
			children = (
				2DBEFE6C2186E409003DDEC1 /* BMChineseSortingSwift */,
				2DBEFE6B2186E409003DDEC1 /* Products */,
			);
			sourceTree = "<group>";
		};
		2DBEFE6B2186E409003DDEC1 /* Products */ = {
			isa = PBXGroup;
			children = (
				2DBEFE6A2186E409003DDEC1 /* BMChineseSortingSwift.app */,
			);
			name = Products;
			sourceTree = "<group>";
		};
		2DBEFE6C2186E409003DDEC1 /* BMChineseSortingSwift */ = {
			isa = PBXGroup;
			children = (
				2D433D0621D0831C00247CF7 /* Model */,
				2D433D0121D071EC00247CF7 /* ViewController */,
				2DBEFE7F2186E9FD003DDEC1 /* BMChineseSort */,
				2D433D0021D071C900247CF7 /* suportFiles */,
			);
			path = BMChineseSortingSwift;
			sourceTree = "<group>";
		};
		2DBEFE7F2186E9FD003DDEC1 /* BMChineseSort */ = {
			isa = PBXGroup;
			children = (
				2DBEFE802186EAF8003DDEC1 /* BMChineseSort.swift */,
			);
			path = BMChineseSort;
			sourceTree = "<group>";
		};
/* End PBXGroup section */

/* Begin PBXNativeTarget section */
		2DBEFE692186E409003DDEC1 /* BMChineseSortingSwift */ = {
			isa = PBXNativeTarget;
			buildConfigurationList = 2DBEFE7C2186E40D003DDEC1 /* Build configuration list for PBXNativeTarget "BMChineseSortingSwift" */;
			buildPhases = (
				2DBEFE662186E409003DDEC1 /* Sources */,
				2DBEFE672186E409003DDEC1 /* Frameworks */,
				2DBEFE682186E409003DDEC1 /* Resources */,
			);
			buildRules = (
			);
			dependencies = (
			);
			name = BMChineseSortingSwift;
			productName = BMChineseSortingSwift;
			productReference = 2DBEFE6A2186E409003DDEC1 /* BMChineseSortingSwift.app */;
			productType = "com.apple.product-type.application";
		};
/* End PBXNativeTarget section */

/* Begin PBXProject section */
		2DBEFE622186E409003DDEC1 /* Project object */ = {
			isa = PBXProject;
			attributes = {
				LastSwiftUpdateCheck = 1000;
				LastUpgradeCheck = 1000;
				ORGANIZATIONNAME = lizhiwei;
				TargetAttributes = {
					2DBEFE692186E409003DDEC1 = {
						CreatedOnToolsVersion = 10.0;
					};
				};
			};
			buildConfigurationList = 2DBEFE652186E409003DDEC1 /* Build configuration list for PBXProject "BMChineseSortingSwift" */;
			compatibilityVersion = "Xcode 9.3";
			developmentRegion = en;
			hasScannedForEncodings = 0;
			knownRegions = (
				en,
				Base,
			);
			mainGroup = 2DBEFE612186E409003DDEC1;
			productRefGroup = 2DBEFE6B2186E409003DDEC1 /* Products */;
			projectDirPath = "";
			projectRoot = "";
			targets = (
				2DBEFE692186E409003DDEC1 /* BMChineseSortingSwift */,
			);
		};
/* End PBXProject section */

/* Begin PBXResourcesBuildPhase section */
		2DBEFE682186E409003DDEC1 /* Resources */ = {
			isa = PBXResourcesBuildPhase;
			buildActionMask = 2147483647;
			files = (
				2DBEFE782186E40D003DDEC1 /* LaunchScreen.storyboard in Resources */,
				2DBEFE752186E40D003DDEC1 /* Assets.xcassets in Resources */,
				2DBEFE732186E409003DDEC1 /* Main.storyboard in Resources */,
			);
			runOnlyForDeploymentPostprocessing = 0;
		};
/* End PBXResourcesBuildPhase section */

/* Begin PBXSourcesBuildPhase section */
		2DBEFE662186E409003DDEC1 /* Sources */ = {
			isa = PBXSourcesBuildPhase;
			buildActionMask = 2147483647;
			files = (
				2D433D0821D0831C00247CF7 /* Person.swift in Sources */,
				2D433D0421D071EC00247CF7 /* SortVC.swift in Sources */,
				2D433D0521D071EC00247CF7 /* GroupingSortVC.swift in Sources */,
				2DBEFE702186E409003DDEC1 /* ViewController.swift in Sources */,
				2DBEFE812186EAF8003DDEC1 /* BMChineseSort.swift in Sources */,
				2DBEFE6E2186E409003DDEC1 /* AppDelegate.swift in Sources */,
			);
			runOnlyForDeploymentPostprocessing = 0;
		};
/* End PBXSourcesBuildPhase section */

/* Begin PBXVariantGroup section */
		2DBEFE712186E409003DDEC1 /* Main.storyboard */ = {
			isa = PBXVariantGroup;
			children = (
				2DBEFE722186E409003DDEC1 /* Base */,
			);
			name = Main.storyboard;
			sourceTree = "<group>";
		};
		2DBEFE762186E40D003DDEC1 /* LaunchScreen.storyboard */ = {
			isa = PBXVariantGroup;
			children = (
				2DBEFE772186E40D003DDEC1 /* Base */,
			);
			name = LaunchScreen.storyboard;
			sourceTree = "<group>";
		};
/* End PBXVariantGroup section */

/* Begin XCBuildConfiguration section */
		2DBEFE7A2186E40D003DDEC1 /* Debug */ = {
			isa = XCBuildConfiguration;
			buildSettings = {
				ALWAYS_SEARCH_USER_PATHS = NO;
				CLANG_ANALYZER_NONNULL = YES;
				CLANG_ANALYZER_NUMBER_OBJECT_CONVERSION = YES_AGGRESSIVE;
				CLANG_CXX_LANGUAGE_STANDARD = "gnu++14";
				CLANG_CXX_LIBRARY = "libc++";
				CLANG_ENABLE_MODULES = YES;
				CLANG_ENABLE_OBJC_ARC = YES;
				CLANG_ENABLE_OBJC_WEAK = YES;
				CLANG_WARN_BLOCK_CAPTURE_AUTORELEASING = YES;
				CLANG_WARN_BOOL_CONVERSION = YES;
				CLANG_WARN_COMMA = YES;
				CLANG_WARN_CONSTANT_CONVERSION = YES;
				CLANG_WARN_DEPRECATED_OBJC_IMPLEMENTATIONS = YES;
				CLANG_WARN_DIRECT_OBJC_ISA_USAGE = YES_ERROR;
				CLANG_WARN_DOCUMENTATION_COMMENTS = YES;
				CLANG_WARN_EMPTY_BODY = YES;
				CLANG_WARN_ENUM_CONVERSION = YES;
				CLANG_WARN_INFINITE_RECURSION = YES;
				CLANG_WARN_INT_CONVERSION = YES;
				CLANG_WARN_NON_LITERAL_NULL_CONVERSION = YES;
				CLANG_WARN_OBJC_IMPLICIT_RETAIN_SELF = YES;
				CLANG_WARN_OBJC_LITERAL_CONVERSION = YES;
				CLANG_WARN_OBJC_ROOT_CLASS = YES_ERROR;
				CLANG_WARN_RANGE_LOOP_ANALYSIS = YES;
				CLANG_WARN_STRICT_PROTOTYPES = YES;
				CLANG_WARN_SUSPICIOUS_MOVE = YES;
				CLANG_WARN_UNGUARDED_AVAILABILITY = YES_AGGRESSIVE;
				CLANG_WARN_UNREACHABLE_CODE = YES;
				CLANG_WARN__DUPLICATE_METHOD_MATCH = YES;
				CODE_SIGN_IDENTITY = "iPhone Developer";
				COPY_PHASE_STRIP = NO;
				DEBUG_INFORMATION_FORMAT = dwarf;
				ENABLE_STRICT_OBJC_MSGSEND = YES;
				ENABLE_TESTABILITY = YES;
				GCC_C_LANGUAGE_STANDARD = gnu11;
				GCC_DYNAMIC_NO_PIC = NO;
				GCC_NO_COMMON_BLOCKS = YES;
				GCC_OPTIMIZATION_LEVEL = 0;
				GCC_PREPROCESSOR_DEFINITIONS = (
					"DEBUG=1",
					"$(inherited)",
				);
				GCC_WARN_64_TO_32_BIT_CONVERSION = YES;
				GCC_WARN_ABOUT_RETURN_TYPE = YES_ERROR;
				GCC_WARN_UNDECLARED_SELECTOR = YES;
				GCC_WARN_UNINITIALIZED_AUTOS = YES_AGGRESSIVE;
				GCC_WARN_UNUSED_FUNCTION = YES;
				GCC_WARN_UNUSED_VARIABLE = YES;
				IPHONEOS_DEPLOYMENT_TARGET = 12.0;
				MTL_ENABLE_DEBUG_INFO = INCLUDE_SOURCE;
				MTL_FAST_MATH = YES;
				ONLY_ACTIVE_ARCH = YES;
				SDKROOT = iphoneos;
				SWIFT_ACTIVE_COMPILATION_CONDITIONS = DEBUG;
				SWIFT_OPTIMIZATION_LEVEL = "-Onone";
			};
			name = Debug;
		};
		2DBEFE7B2186E40D003DDEC1 /* Release */ = {
			isa = XCBuildConfiguration;
			buildSettings = {
				ALWAYS_SEARCH_USER_PATHS = NO;
				CLANG_ANALYZER_NONNULL = YES;
				CLANG_ANALYZER_NUMBER_OBJECT_CONVERSION = YES_AGGRESSIVE;
				CLANG_CXX_LANGUAGE_STANDARD = "gnu++14";
				CLANG_CXX_LIBRARY = "libc++";
				CLANG_ENABLE_MODULES = YES;
				CLANG_ENABLE_OBJC_ARC = YES;
				CLANG_ENABLE_OBJC_WEAK = YES;
				CLANG_WARN_BLOCK_CAPTURE_AUTORELEASING = YES;
				CLANG_WARN_BOOL_CONVERSION = YES;
				CLANG_WARN_COMMA = YES;
				CLANG_WARN_CONSTANT_CONVERSION = YES;
				CLANG_WARN_DEPRECATED_OBJC_IMPLEMENTATIONS = YES;
				CLANG_WARN_DIRECT_OBJC_ISA_USAGE = YES_ERROR;
				CLANG_WARN_DOCUMENTATION_COMMENTS = YES;
				CLANG_WARN_EMPTY_BODY = YES;
				CLANG_WARN_ENUM_CONVERSION = YES;
				CLANG_WARN_INFINITE_RECURSION = YES;
				CLANG_WARN_INT_CONVERSION = YES;
				CLANG_WARN_NON_LITERAL_NULL_CONVERSION = YES;
				CLANG_WARN_OBJC_IMPLICIT_RETAIN_SELF = YES;
				CLANG_WARN_OBJC_LITERAL_CONVERSION = YES;
				CLANG_WARN_OBJC_ROOT_CLASS = YES_ERROR;
				CLANG_WARN_RANGE_LOOP_ANALYSIS = YES;
				CLANG_WARN_STRICT_PROTOTYPES = YES;
				CLANG_WARN_SUSPICIOUS_MOVE = YES;
				CLANG_WARN_UNGUARDED_AVAILABILITY = YES_AGGRESSIVE;
				CLANG_WARN_UNREACHABLE_CODE = YES;
				CLANG_WARN__DUPLICATE_METHOD_MATCH = YES;
				CODE_SIGN_IDENTITY = "iPhone Developer";
				COPY_PHASE_STRIP = NO;
				DEBUG_INFORMATION_FORMAT = "dwarf-with-dsym";
				ENABLE_NS_ASSERTIONS = NO;
				ENABLE_STRICT_OBJC_MSGSEND = YES;
				GCC_C_LANGUAGE_STANDARD = gnu11;
				GCC_NO_COMMON_BLOCKS = YES;
				GCC_WARN_64_TO_32_BIT_CONVERSION = YES;
				GCC_WARN_ABOUT_RETURN_TYPE = YES_ERROR;
				GCC_WARN_UNDECLARED_SELECTOR = YES;
				GCC_WARN_UNINITIALIZED_AUTOS = YES_AGGRESSIVE;
				GCC_WARN_UNUSED_FUNCTION = YES;
				GCC_WARN_UNUSED_VARIABLE = YES;
				IPHONEOS_DEPLOYMENT_TARGET = 12.0;
				MTL_ENABLE_DEBUG_INFO = NO;
				MTL_FAST_MATH = YES;
				SDKROOT = iphoneos;
				SWIFT_COMPILATION_MODE = wholemodule;
				SWIFT_OPTIMIZATION_LEVEL = "-O";
				VALIDATE_PRODUCT = YES;
			};
			name = Release;
		};
		2DBEFE7D2186E40D003DDEC1 /* Debug */ = {
			isa = XCBuildConfiguration;
			buildSettings = {
				ASSETCATALOG_COMPILER_APPICON_NAME = AppIcon;
				CODE_SIGN_STYLE = Automatic;
				DEVELOPMENT_TEAM = A3RUKEN8Q5;
				INFOPLIST_FILE = "$(SRCROOT)/BMChineseSortingSwift/suportFiles/Info.plist";
				LD_RUNPATH_SEARCH_PATHS = (
					"$(inherited)",
					"@executable_path/Frameworks",
				);
				PRODUCT_BUNDLE_IDENTIFIER = baymax.BMChineseSortingSwift;
				PRODUCT_NAME = "$(TARGET_NAME)";
				SWIFT_VERSION = 4.2;
				TARGETED_DEVICE_FAMILY = "1,2";
			};
			name = Debug;
		};
		2DBEFE7E2186E40D003DDEC1 /* Release */ = {
			isa = XCBuildConfiguration;
			buildSettings = {
				ASSETCATALOG_COMPILER_APPICON_NAME = AppIcon;
				CODE_SIGN_STYLE = Automatic;
				DEVELOPMENT_TEAM = A3RUKEN8Q5;
				INFOPLIST_FILE = "$(SRCROOT)/BMChineseSortingSwift/suportFiles/Info.plist";
				LD_RUNPATH_SEARCH_PATHS = (
					"$(inherited)",
					"@executable_path/Frameworks",
				);
				PRODUCT_BUNDLE_IDENTIFIER = baymax.BMChineseSortingSwift;
				PRODUCT_NAME = "$(TARGET_NAME)";
				SWIFT_VERSION = 4.2;
				TARGETED_DEVICE_FAMILY = "1,2";
			};
			name = Release;
		};
/* End XCBuildConfiguration section */

/* Begin XCConfigurationList section */
		2DBEFE652186E409003DDEC1 /* Build configuration list for PBXProject "BMChineseSortingSwift" */ = {
			isa = XCConfigurationList;
			buildConfigurations = (
				2DBEFE7A2186E40D003DDEC1 /* Debug */,
				2DBEFE7B2186E40D003DDEC1 /* Release */,
			);
			defaultConfigurationIsVisible = 0;
			defaultConfigurationName = Release;
		};
		2DBEFE7C2186E40D003DDEC1 /* Build configuration list for PBXNativeTarget "BMChineseSortingSwift" */ = {
			isa = XCConfigurationList;
			buildConfigurations = (
				2DBEFE7D2186E40D003DDEC1 /* Debug */,
				2DBEFE7E2186E40D003DDEC1 /* Release */,
			);
			defaultConfigurationIsVisible = 0;
			defaultConfigurationName = Release;
		};
/* End XCConfigurationList section */
	};
	rootObject = 2DBEFE622186E409003DDEC1 /* Project object */;
}
